
Microsoft Visual Studio Solution File, Format Version 11.00
# Visual Studio 2010
Project("{FAE04EC0-301F-11D3-BF4B-00C04F79EFBC}") = "BOT_Client", "BOT_Client\BOT_Client.csproj", "{A7899A02-44DD-42E7-B8AA-AF485FDAC112}"
EndProject
Project("{54435603-DBB4-11D2-8724-00A0C9A8B90C}") = "BOT_Illust", "BOT_Illust\BOT_Illust.vdproj", "{84A0A280-100D-4DF0-A840-1B155FFCC7C0}"
EndProject
Global
	GlobalSection(SolutionConfigurationPlatforms) = preSolution
		Debug|x64 = Debug|x64
		Debug|x86 = Debug|x86
		Release|x64 = Release|x64
		Release|x86 = Release|x86
	EndGlobalSection
	GlobalSection(ProjectConfigurationPlatforms) = postSolution
		{A7899A02-44DD-42E7-B8AA-AF485FDAC112}.Debug|x64.ActiveCfg = Debug|x86
		{A7899A02-44DD-42E7-B8AA-AF485FDAC112}.Debug|x64.Build.0 = Debug|x86
		{A7899A02-44DD-42E7-B8AA-AF485FDAC112}.Debug|x86.ActiveCfg = Debug|x86
		{A7899A02-44DD-42E7-B8AA-AF485FDAC112}.Debug|x86.Build.0 = Debug|x86
		{A7899A02-44DD-42E7-B8AA-AF485FDAC112}.Release|x64.ActiveCfg = Release|x86
		{A7899A02-44DD-42E7-B8AA-AF485FDAC112}.Release|x64.Build.0 = Release|x86
		{A7899A02-44DD-42E7-B8AA-AF485FDAC112}.Release|x86.ActiveCfg = Release|x86
		{A7899A02-44DD-42E7-B8AA-AF485FDAC112}.Release|x86.Build.0 = Release|x86
		{84A0A280-100D-4DF0-A840-1B155FFCC7C0}.Debug|x64.ActiveCfg = Debug
		{84A0A280-100D-4DF0-A840-1B155FFCC7C0}.Debug|x64.Build.0 = Debug
		{84A0A280-100D-4DF0-A840-1B155FFCC7C0}.Debug|x86.ActiveCfg = Debug
		{84A0A280-100D-4DF0-A840-1B155FFCC7C0}.Release|x64.ActiveCfg = Release
		{84A0A280-100D-4DF0-A840-1B155FFCC7C0}.Release|x64.Build.0 = Release
		{84A0A280-100D-4DF0-A840-1B155FFCC7C0}.Release|x86.ActiveCfg = Release
	EndGlobalSection
	GlobalSection(SolutionProperties) = preSolution
		HideSolutionNode = FALSE
	EndGlobalSection
EndGlobal
